
Microsoft Visual Studio Solution File, Format Version 12.00
# Visual Studio Version 17
VisualStudioVersion = 17.11.35312.102
MinimumVisualStudioVersion = 10.0.40219.1
Project("{2150E333-8FDC-42A3-9474-1A3956D46DE8}") = "Day5", "Day5", "{4F13546E-0687-41FA-B861-59FE5B19F41A}"
EndProject
Project("{FAE04EC0-301F-11D3-BF4B-00C04F79EFBC}") = "Day5-1 NameSpaces", "Day5\Day5-1 NameSpaces\Day5-1 NameSpaces.csproj", "{4EB2FC3E-1818-42A1-B5C6-E5395325A811}"
EndProject
Project("{FAE04EC0-301F-11D3-BF4B-00C04F79EFBC}") = "Day5-2 DateTime", "Day5\Day5-2 DateTime\Day5-2 DateTime.csproj", "{703A5B71-2D61-4F7F-B221-DC43E30CB276}"
EndProject
Project("{FAE04EC0-301F-11D3-BF4B-00C04F79EFBC}") = "Day5-3Object", "Day5\Day5-3Object\Day5-3Object.csproj", "{0CADD752-3AE2-4B89-A372-3EF7E420BB95}"
EndProject
Project("{FAE04EC0-301F-11D3-BF4B-00C04F79EFBC}") = "Day5-4List", "Day5\Day5-4List\Day5-4List.csproj", "{C4B32308-D4F3-4A00-8D9C-CF58E7D08756}"
EndProject
Project("{FAE04EC0-301F-11D3-BF4B-00C04F79EFBC}") = "Day5-5", "Day5\Day5-5\Day5-5.csproj", "{C9091443-E334-4E2C-A1C0-D573F24CA9EA}"
EndProject
Project("{FAE04EC0-301F-11D3-BF4B-00C04F79EFBC}") = "Day5-6", "Day5\Day5-6\Day5-6.csproj", "{B5E27661-9829-4A44-B5B5-F4BD4F0DFF10}"
EndProject
Project("{FAE04EC0-301F-11D3-BF4B-00C04F79EFBC}") = "Day5-7Dict", "Day5\Day5-7\Day5-7Dict.csproj", "{5AF5C1F4-FDFC-44EC-A9F3-0EA3FC52AE25}"
EndProject
Global
	GlobalSection(SolutionConfigurationPlatforms) = preSolution
		Debug|Any CPU = Debug|Any CPU
		Release|Any CPU = Release|Any CPU
	EndGlobalSection
	GlobalSection(ProjectConfigurationPlatforms) = postSolution
		{4EB2FC3E-1818-42A1-B5C6-E5395325A811}.Debug|Any CPU.ActiveCfg = Debug|Any CPU
		{4EB2FC3E-1818-42A1-B5C6-E5395325A811}.Debug|Any CPU.Build.0 = Debug|Any CPU
		{4EB2FC3E-1818-42A1-B5C6-E5395325A811}.Release|Any CPU.ActiveCfg = Release|Any CPU
		{4EB2FC3E-1818-42A1-B5C6-E5395325A811}.Release|Any CPU.Build.0 = Release|Any CPU
		{703A5B71-2D61-4F7F-B221-DC43E30CB276}.Debug|Any CPU.ActiveCfg = Debug|Any CPU
		{703A5B71-2D61-4F7F-B221-DC43E30CB276}.Debug|Any CPU.Build.0 = Debug|Any CPU
		{703A5B71-2D61-4F7F-B221-DC43E30CB276}.Release|Any CPU.ActiveCfg = Release|Any CPU
		{703A5B71-2D61-4F7F-B221-DC43E30CB276}.Release|Any CPU.Build.0 = Release|Any CPU
		{0CADD752-3AE2-4B89-A372-3EF7E420BB95}.Debug|Any CPU.ActiveCfg = Debug|Any CPU
		{0CADD752-3AE2-4B89-A372-3EF7E420BB95}.Debug|Any CPU.Build.0 = Debug|Any CPU
		{0CADD752-3AE2-4B89-A372-3EF7E420BB95}.Release|Any CPU.ActiveCfg = Release|Any CPU
		{0CADD752-3AE2-4B89-A372-3EF7E420BB95}.Release|Any CPU.Build.0 = Release|Any CPU
		{C4B32308-D4F3-4A00-8D9C-CF58E7D08756}.Debug|Any CPU.ActiveCfg = Debug|Any CPU
		{C4B32308-D4F3-4A00-8D9C-CF58E7D08756}.Debug|Any CPU.Build.0 = Debug|Any CPU
		{C4B32308-D4F3-4A00-8D9C-CF58E7D08756}.Release|Any CPU.ActiveCfg = Release|Any CPU
		{C4B32308-D4F3-4A00-8D9C-CF58E7D08756}.Release|Any CPU.Build.0 = Release|Any CPU
		{C9091443-E334-4E2C-A1C0-D573F24CA9EA}.Debug|Any CPU.ActiveCfg = Debug|Any CPU
		{C9091443-E334-4E2C-A1C0-D573F24CA9EA}.Debug|Any CPU.Build.0 = Debug|Any CPU
		{C9091443-E334-4E2C-A1C0-D573F24CA9EA}.Release|Any CPU.ActiveCfg = Release|Any CPU
		{C9091443-E334-4E2C-A1C0-D573F24CA9EA}.Release|Any CPU.Build.0 = Release|Any CPU
		{B5E27661-9829-4A44-B5B5-F4BD4F0DFF10}.Debug|Any CPU.ActiveCfg = Debug|Any CPU
		{B5E27661-9829-4A44-B5B5-F4BD4F0DFF10}.Debug|Any CPU.Build.0 = Debug|Any CPU
		{B5E27661-9829-4A44-B5B5-F4BD4F0DFF10}.Release|Any CPU.ActiveCfg = Release|Any CPU
		{B5E27661-9829-4A44-B5B5-F4BD4F0DFF10}.Release|Any CPU.Build.0 = Release|Any CPU
		{5AF5C1F4-FDFC-44EC-A9F3-0EA3FC52AE25}.Debug|Any CPU.ActiveCfg = Debug|Any CPU
		{5AF5C1F4-FDFC-44EC-A9F3-0EA3FC52AE25}.Debug|Any CPU.Build.0 = Debug|Any CPU
		{5AF5C1F4-FDFC-44EC-A9F3-0EA3FC52AE25}.Release|Any CPU.ActiveCfg = Release|Any CPU
		{5AF5C1F4-FDFC-44EC-A9F3-0EA3FC52AE25}.Release|Any CPU.Build.0 = Release|Any CPU
	EndGlobalSection
	GlobalSection(SolutionProperties) = preSolution
		HideSolutionNode = FALSE
	EndGlobalSection
	GlobalSection(NestedProjects) = preSolution
		{4EB2FC3E-1818-42A1-B5C6-E5395325A811} = {4F13546E-0687-41FA-B861-59FE5B19F41A}
		{703A5B71-2D61-4F7F-B221-DC43E30CB276} = {4F13546E-0687-41FA-B861-59FE5B19F41A}
		{0CADD752-3AE2-4B89-A372-3EF7E420BB95} = {4F13546E-0687-41FA-B861-59FE5B19F41A}
		{C4B32308-D4F3-4A00-8D9C-CF58E7D08756} = {4F13546E-0687-41FA-B861-59FE5B19F41A}
		{C9091443-E334-4E2C-A1C0-D573F24CA9EA} = {4F13546E-0687-41FA-B861-59FE5B19F41A}
		{B5E27661-9829-4A44-B5B5-F4BD4F0DFF10} = {4F13546E-0687-41FA-B861-59FE5B19F41A}
		{5AF5C1F4-FDFC-44EC-A9F3-0EA3FC52AE25} = {4F13546E-0687-41FA-B861-59FE5B19F41A}
	EndGlobalSection
	GlobalSection(ExtensibilityGlobals) = postSolution
		SolutionGuid = {97EA9DFF-6E57-493A-897A-FAF47870E35C}
	EndGlobalSection
EndGlobal
